Microsoft Visual Studio Solution File, Format Version 11.00
# Visual Studio 2008

Project("{DC27E627-15DF-7788-155F-53B52B279A8D}") = "divPolygon_2", "Assembly-CSharp.csproj", "{93D351F9-8DD7-7D56-5A4A-83137B2EA3AC}"
EndProject
Global
	GlobalSection(SolutionConfigurationPlatforms) = preSolution
		Debug|Any CPU = Debug|Any CPU
		Release|Any CPU = Release|Any CPU
	EndGlobalSection
	GlobalSection(ProjectConfigurationPlatforms) = postSolution
		{93D351F9-8DD7-7D56-5A4A-83137B2EA3AC}.Debug|Any CPU.ActiveCfg = Debug|Any CPU
		{93D351F9-8DD7-7D56-5A4A-83137B2EA3AC}.Debug|Any CPU.Build.0 = Debug|Any CPU
		{93D351F9-8DD7-7D56-5A4A-83137B2EA3AC}.Release|Any CPU.ActiveCfg = Release|Any CPU
		{93D351F9-8DD7-7D56-5A4A-83137B2EA3AC}.Release|Any CPU.Build.0 = Release|Any CPU
	EndGlobalSection
	GlobalSection(SolutionProperties) = preSolution
		HideSolutionNode = FALSE
	EndGlobalSection
	GlobalSection(MonoDevelopProperties) = preSolution
		StartupItem = Assembly-CSharp.csproj
	EndGlobalSection
EndGlobal
