Microsoft Visual Studio Solution File, Format Version 11.00
# Visual Studio 2008

Project("{93EF5C22-866A-1D87-74DC-30928EA0E883}") = "divPolygon", "Assembly-CSharp.csproj", "{B713DF72-9375-8AEA-D5A4-398B1DAFD248}"
EndProject
Global
	GlobalSection(SolutionConfigurationPlatforms) = preSolution
		Debug|Any CPU = Debug|Any CPU
		Release|Any CPU = Release|Any CPU
	EndGlobalSection
	GlobalSection(ProjectConfigurationPlatforms) = postSolution
		{B713DF72-9375-8AEA-D5A4-398B1DAFD248}.Debug|Any CPU.ActiveCfg = Debug|Any CPU
		{B713DF72-9375-8AEA-D5A4-398B1DAFD248}.Debug|Any CPU.Build.0 = Debug|Any CPU
		{B713DF72-9375-8AEA-D5A4-398B1DAFD248}.Release|Any CPU.ActiveCfg = Release|Any CPU
		{B713DF72-9375-8AEA-D5A4-398B1DAFD248}.Release|Any CPU.Build.0 = Release|Any CPU
	EndGlobalSection
	GlobalSection(SolutionProperties) = preSolution
		HideSolutionNode = FALSE
	EndGlobalSection
	GlobalSection(MonoDevelopProperties) = preSolution
		StartupItem = Assembly-CSharp.csproj
	EndGlobalSection
EndGlobal
